{
  "version": 4,
  "terraform_version": "1.8.3",
  "serial": 37,
  "lineage": "0775b72b-7355-b3bb-201f-165bbf36ea83",
  "outputs": {},
  "resources": [
    {
      "mode": "data",
      "type": "wsb_context",
      "name": "example",
      "provider": "provider[\"registry.terraform.io/hashicorp/windows-sandbox\"]",
      "instances": [
        {
          "index_key": "Carl",
          "schema_version": 0,
          "attributes": {
            "downloads_folder_name": "Downloads",
            "sandbox_container_user_downloads_folder": "C:\\Users\\WDAGUtilityAccount\\Downloads",
            "sandbox_container_user_profile_folder": "C:\\Users\\WDAGUtilityAccount",
            "sandbox_container_username": "WDAGUtilityAccount",
            "sandbox_users_folder": "C:\\Users",
            "user_downloads_folder": "C:\\Users\\Carl\\Downloads",
            "user_profile_folder": "C:\\Users\\Carl",
            "username": "Carl",
            "users_folder": "C:\\Users"
          },
          "sensitive_attributes": []
        },
        {
          "index_key": "Heather",
          "schema_version": 0,
          "attributes": {
            "downloads_folder_name": "Downloads",
            "sandbox_container_user_downloads_folder": "C:\\Users\\WDAGUtilityAccount\\Downloads",
            "sandbox_container_user_profile_folder": "C:\\Users\\WDAGUtilityAccount",
            "sandbox_container_username": "WDAGUtilityAccount",
            "sandbox_users_folder": "C:\\Users",
            "user_downloads_folder": "C:\\Users\\Heather\\Downloads",
            "user_profile_folder": "C:\\Users\\Heather",
            "username": "Heather",
            "users_folder": "C:\\Users"
          },
          "sensitive_attributes": []
        },
        {
          "index_key": "John",
          "schema_version": 0,
          "attributes": {
            "downloads_folder_name": "Downloads",
            "sandbox_container_user_downloads_folder": "C:\\Users\\WDAGUtilityAccount\\Downloads",
            "sandbox_container_user_profile_folder": "C:\\Users\\WDAGUtilityAccount",
            "sandbox_container_username": "WDAGUtilityAccount",
            "sandbox_users_folder": "C:\\Users",
            "user_downloads_folder": "C:\\Users\\John\\Downloads",
            "user_profile_folder": "C:\\Users\\John",
            "username": "John",
            "users_folder": "C:\\Users"
          },
          "sensitive_attributes": []
        },
        {
          "index_key": "Maria",
          "schema_version": 0,
          "attributes": {
            "downloads_folder_name": "Downloads",
            "sandbox_container_user_downloads_folder": "C:\\Users\\WDAGUtilityAccount\\Downloads",
            "sandbox_container_user_profile_folder": "C:\\Users\\WDAGUtilityAccount",
            "sandbox_container_username": "WDAGUtilityAccount",
            "sandbox_users_folder": "C:\\Users",
            "user_downloads_folder": "C:\\Users\\Maria\\Downloads",
            "user_profile_folder": "C:\\Users\\Maria",
            "username": "Maria",
            "users_folder": "C:\\Users"
          },
          "sensitive_attributes": []
        },
        {
          "index_key": "Sofia",
          "schema_version": 0,
          "attributes": {
            "downloads_folder_name": "Downloads",
            "sandbox_container_user_downloads_folder": "C:\\Users\\WDAGUtilityAccount\\Downloads",
            "sandbox_container_user_profile_folder": "C:\\Users\\WDAGUtilityAccount",
            "sandbox_container_username": "WDAGUtilityAccount",
            "sandbox_users_folder": "C:\\Users",
            "user_downloads_folder": "C:\\Users\\Sofia\\Downloads",
            "user_profile_folder": "C:\\Users\\Sofia",
            "username": "Sofia",
            "users_folder": "C:\\Users"
          },
          "sensitive_attributes": []
        },
        {
          "index_key": "Trevor",
          "schema_version": 0,
          "attributes": {
            "downloads_folder_name": "Downloads",
            "sandbox_container_user_downloads_folder": "C:\\Users\\WDAGUtilityAccount\\Downloads",
            "sandbox_container_user_profile_folder": "C:\\Users\\WDAGUtilityAccount",
            "sandbox_container_username": "WDAGUtilityAccount",
            "sandbox_users_folder": "C:\\Users",
            "user_downloads_folder": "C:\\Users\\Trevor\\Downloads",
            "user_profile_folder": "C:\\Users\\Trevor",
            "username": "Trevor",
            "users_folder": "C:\\Users"
          },
          "sensitive_attributes": []
        }
      ]
    },
    {
      "mode": "managed",
      "type": "wsb_configuration",
      "name": "team",
      "provider": "provider[\"registry.terraform.io/hashicorp/windows-sandbox\"]",
      "instances": [
        {
          "index_key": "Carl",
          "schema_version": 0,
          "attributes": {
            "audio_input": true,
            "clipboard_redirection": true,
            "logon_command": null,
            "mapped_folders": [
              {
                "host_folder": "C:\\Users\\Carl\\Downloads",
                "read_only": false,
                "sandbox_folder": "C:\\Users\\WDAGUtilityAccount\\Downloads"
              }
            ],
            "memory": "8192",
            "name": "playground-carl",
            "networking": true,
            "path": "./",
            "printer_redirection": true,
            "protected_client": true,
            "video_input": true,
            "virtual_gpu": false
          },
          "sensitive_attributes": [],
          "dependencies": [
            "data.wsb_context.example"
          ]
        },
        {
          "index_key": "Heather",
          "schema_version": 0,
          "attributes": {
            "audio_input": true,
            "clipboard_redirection": true,
            "logon_command": null,
            "mapped_folders": [
              {
                "host_folder": "C:\\Users\\Heather\\Downloads",
                "read_only": false,
                "sandbox_folder": "C:\\Users\\WDAGUtilityAccount\\Downloads"
              }
            ],
            "memory": "8192",
            "name": "playground-heather",
            "networking": true,
            "path": "./",
            "printer_redirection": true,
            "protected_client": true,
            "video_input": true,
            "virtual_gpu": false
          },
          "sensitive_attributes": [],
          "dependencies": [
            "data.wsb_context.example"
          ]
        },
        {
          "index_key": "John",
          "schema_version": 0,
          "attributes": {
            "audio_input": true,
            "clipboard_redirection": true,
            "logon_command": null,
            "mapped_folders": [
              {
                "host_folder": "C:\\Users\\John\\Downloads",
                "read_only": false,
                "sandbox_folder": "C:\\Users\\WDAGUtilityAccount\\Downloads"
              }
            ],
            "memory": "8192",
            "name": "playground-john",
            "networking": true,
            "path": "./",
            "printer_redirection": true,
            "protected_client": true,
            "video_input": true,
            "virtual_gpu": false
          },
          "sensitive_attributes": [],
          "dependencies": [
            "data.wsb_context.example"
          ]
        },
        {
          "index_key": "Maria",
          "schema_version": 0,
          "attributes": {
            "audio_input": true,
            "clipboard_redirection": true,
            "logon_command": null,
            "mapped_folders": [
              {
                "host_folder": "C:\\Users\\Maria\\Downloads",
                "read_only": false,
                "sandbox_folder": "C:\\Users\\WDAGUtilityAccount\\Downloads"
              }
            ],
            "memory": "8192",
            "name": "playground-maria",
            "networking": true,
            "path": "./",
            "printer_redirection": true,
            "protected_client": true,
            "video_input": true,
            "virtual_gpu": false
          },
          "sensitive_attributes": [],
          "dependencies": [
            "data.wsb_context.example"
          ]
        },
        {
          "index_key": "Sofia",
          "schema_version": 0,
          "attributes": {
            "audio_input": true,
            "clipboard_redirection": true,
            "logon_command": null,
            "mapped_folders": [
              {
                "host_folder": "C:\\Users\\Sofia\\Downloads",
                "read_only": false,
                "sandbox_folder": "C:\\Users\\WDAGUtilityAccount\\Downloads"
              }
            ],
            "memory": "8192",
            "name": "playground-sofia",
            "networking": true,
            "path": "./",
            "printer_redirection": true,
            "protected_client": true,
            "video_input": true,
            "virtual_gpu": false
          },
          "sensitive_attributes": [],
          "dependencies": [
            "data.wsb_context.example"
          ]
        },
        {
          "index_key": "Trevor",
          "schema_version": 0,
          "attributes": {
            "audio_input": true,
            "clipboard_redirection": true,
            "logon_command": null,
            "mapped_folders": [
              {
                "host_folder": "C:\\Users\\Trevor\\Downloads",
                "read_only": false,
                "sandbox_folder": "C:\\Users\\WDAGUtilityAccount\\Downloads"
              }
            ],
            "memory": "8192",
            "name": "playground-trevor",
            "networking": true,
            "path": "./",
            "printer_redirection": true,
            "protected_client": true,
            "video_input": true,
            "virtual_gpu": false
          },
          "sensitive_attributes": [],
          "dependencies": [
            "data.wsb_context.example"
          ]
        }
      ]
    }
  ],
  "check_results": null
}
