{
  "version": 4,
  "terraform_version": "1.8.3",
  "serial": 21,
  "lineage": "bf3c12ec-678d-10e7-df48-30c399cf9ae6",
  "outputs": {
    "data_source_basic_sandbox": {
      "value": {
        "audio_input": true,
        "clipboard_redirection": true,
        "logon_command": "explorer.exe C:\\users\\WDAGUtilityAccount\\Downloads",
        "mapped_folders": [
          {
            "host_folder": "C:\\Users\\Public\\Downloads",
            "read_only": true,
            "sandbox_folder": "C:\\Users\\WDAGUtilityAccount\\Downloads"
          }
        ],
        "memory": "4096",
        "name": "basic-sandbox",
        "network": true,
        "path": ".",
        "printer_redirection": true,
        "protected_client": true,
        "video_input": true,
        "virtual_gpu": true
      },
      "type": [
        "object",
        {
          "audio_input": "bool",
          "clipboard_redirection": "bool",
          "logon_command": "string",
          "mapped_folders": [
            "set",
            [
              "object",
              {
                "host_folder": "string",
                "read_only": "bool",
                "sandbox_folder": "string"
              }
            ]
          ],
          "memory": "string",
          "name": "string",
          "network": "bool",
          "path": "string",
          "printer_redirection": "bool",
          "protected_client": "bool",
          "video_input": "bool",
          "virtual_gpu": "bool"
        }
      ]
    },
    "data_wsb_context": {
      "value": {
        "downloads_folder_name": "MyDownloads",
        "sandbox_container_user_downloads_folder": "C:\\Users\\WDAGUtilityAccount\\MyDownloads",
        "sandbox_container_user_profile_folder": "C:\\Users\\WDAGUtilityAccount",
        "sandbox_container_username": "WDAGUtilityAccount",
        "sandbox_users_folder": "C:\\Users",
        "user_downloads_folder": "H:\\Users\\JohnDoe\\MyDownloads",
        "user_profile_folder": "H:\\Users\\JohnDoe",
        "username": "JohnDoe",
        "users_folder": "H:\\Users"
      },
      "type": [
        "object",
        {
          "downloads_folder_name": "string",
          "sandbox_container_user_downloads_folder": "string",
          "sandbox_container_user_profile_folder": "string",
          "sandbox_container_username": "string",
          "sandbox_users_folder": "string",
          "user_downloads_folder": "string",
          "user_profile_folder": "string",
          "username": "string",
          "users_folder": "string"
        }
      ]
    }
  },
  "resources": [
    {
      "mode": "data",
      "type": "wsb_configuration",
      "name": "basic_sandbox",
      "provider": "provider[\"registry.terraform.io/hashicorp/windows-sandbox\"]",
      "instances": [
        {
          "schema_version": 0,
          "attributes": {
            "audio_input": true,
            "clipboard_redirection": true,
            "logon_command": "explorer.exe C:\\users\\WDAGUtilityAccount\\Downloads",
            "mapped_folders": [
              {
                "host_folder": "C:\\Users\\Public\\Downloads",
                "read_only": true,
                "sandbox_folder": "C:\\Users\\WDAGUtilityAccount\\Downloads"
              }
            ],
            "memory": "4096",
            "name": "basic-sandbox",
            "network": true,
            "path": ".",
            "printer_redirection": true,
            "protected_client": true,
            "video_input": true,
            "virtual_gpu": true
          },
          "sensitive_attributes": []
        }
      ]
    },
    {
      "mode": "data",
      "type": "wsb_context",
      "name": "main",
      "provider": "provider[\"registry.terraform.io/hashicorp/windows-sandbox\"]",
      "instances": [
        {
          "schema_version": 0,
          "attributes": {
            "downloads_folder_name": "MyDownloads",
            "sandbox_container_user_downloads_folder": "C:\\Users\\WDAGUtilityAccount\\MyDownloads",
            "sandbox_container_user_profile_folder": "C:\\Users\\WDAGUtilityAccount",
            "sandbox_container_username": "WDAGUtilityAccount",
            "sandbox_users_folder": "C:\\Users",
            "user_downloads_folder": "H:\\Users\\JohnDoe\\MyDownloads",
            "user_profile_folder": "H:\\Users\\JohnDoe",
            "username": "JohnDoe",
            "users_folder": "H:\\Users"
          },
          "sensitive_attributes": []
        }
      ]
    },
    {
      "mode": "managed",
      "type": "wsb_configuration",
      "name": "example1",
      "provider": "provider[\"registry.terraform.io/hashicorp/windows-sandbox\"]",
      "instances": [
        {
          "schema_version": 0,
          "attributes": {
            "audio_input": true,
            "clipboard_redirection": true,
            "logon_command": "powershell -ExecutionPolicy Unrestricted -Command \"# Generated with Terraform wsb_logon_script.example-configuration  \nstart powershell {-noexit -command \" [System.Text.Encoding]::UTF8.GetString([System.Convert]::FromBase64String('V3JpdGUtSG9zdCAnSW5zdGFsbCBXaW5nZXQgLi4uJwokcHJvZ3Jlc3NQcmVmZXJlbmNlID0gJ3NpbGVudGx5Q29udGludWUnCldyaXRlLUluZm9ybWF0aW9uICJEb3dubG9hZGluZyBXaW5HZXQgYW5kIGl0cyBkZXBlbmRlbmNpZXMuLi4iCkludm9rZS1XZWJSZXF1ZXN0IC1VcmkgaHR0cHM6Ly9ha2EubXMvZ2V0d2luZ2V0IC1PdXRGaWxlIE1pY3Jvc29mdC5EZXNrdG9wQXBwSW5zdGFsbGVyXzh3ZWt5YjNkOGJid2UubXNpeGJ1bmRsZQpJbnZva2UtV2ViUmVxdWVzdCAtVXJpIGh0dHBzOi8vYWthLm1zL01pY3Jvc29mdC5WQ0xpYnMueDY0LjE0LjAwLkRlc2t0b3AuYXBweCAtT3V0RmlsZSBNaWNyb3NvZnQuVkNMaWJzLng2NC4xNC4wMC5EZXNrdG9wLmFwcHgKSW52b2tlLVdlYlJlcXVlc3QgLVVyaSBodHRwczovL2dpdGh1Yi5jb20vbWljcm9zb2Z0L21pY3Jvc29mdC11aS14YW1sL3JlbGVhc2VzL2Rvd25sb2FkL3YyLjguNi9NaWNyb3NvZnQuVUkuWGFtbC4yLjgueDY0LmFwcHggLU91dEZpbGUgTWljcm9zb2Z0LlVJLlhhbWwuMi44Lng2NC5hcHB4CkFkZC1BcHB4UGFja2FnZSBNaWNyb3NvZnQuVkNMaWJzLng2NC4xNC4wMC5EZXNrdG9wLmFwcHgKQWRkLUFwcHhQYWNrYWdlIE1pY3Jvc29mdC5VSS5YYW1sLjIuOC54NjQuYXBweApBZGQtQXBweFBhY2thZ2UgTWljcm9zb2Z0LkRlc2t0b3BBcHBJbnN0YWxsZXJfOHdla3liM2Q4YmJ3ZS5tc2l4YnVuZGxlCgoKV3JpdGUtSG9zdCAnSW5zdGFsbCBTY29vcCAuLi4nCiMgU2V0LUV4ZWN1dGlvblBvbGljeSAtRXhlY3V0aW9uUG9saWN5IFJlbW90ZVNpZ25lZCAtU2NvcGUgQ3VycmVudFVzZXIKSW52b2tlLVJlc3RNZXRob2QgLVVyaSBodHRwczovL2dldC5zY29vcC5zaCB8IEludm9rZS1FeHByZXNzaW9uCnNjb29wIGluc3RhbGwgZ2l0CnNjb29wIGJ1Y2tldCBhZGQgZXh0cmFzCgoKV3JpdGUtSG9zdCAnUnVuIFByZS1pbnN0YWxsYXRpb24gc2NyaXB0cyAuLi4nCldyaXRlLUhvc3QgJ1NvbWV0aGluZyB0byBwZXJmb3JtIGJlZm9yZSBzb2Z0d2FyZSBpbnN0YWxsYXRpb24nCgpXcml0ZS1Ib3N0ICdXaW5nZXQgcGFja2FnZXMgaW5zdGFsbGF0aW9uIC4uLicKd2luZ2V0IGluc3RhbGwgbnZpbSAtLWFjY2VwdC1zb3VyY2UtYWdyZWVtZW50cyAtLWFjY2VwdC1wYWNrYWdlLWFncmVlbWVudHMgCgoKV3JpdGUtSG9zdCAnU2Nvb3AgcGFja2FnZXMgaW5zdGFsbGF0aW9uIC4uLicKc2Nvb3AgaW5zdGFsbCB2Y3JlZGlzdDIwMjIgCgoKV3JpdGUtSG9zdCAnUnVuIFBvc3QtaW5zdGFsbGF0aW9uIHNjcmlwdHMgLi4uJwpXcml0ZS1Ib3N0ICdTb21ldGhpbmcgdG8gcGVyZm9ybSBhZnRlciBzb2Z0d2FyZSBpbnN0YWxsYXRpb24nCgo=')) | Out-File C:\\Windows\\Temp\\longoncommand_script.ps1 ; . C:\\Windows\\Temp\\longoncommand_script.ps1 \" } \" ",
            "mapped_folders": [
              {
                "host_folder": "C:\\Users\\Public\\Downloads",
                "read_only": false,
                "sandbox_folder": "C:\\Users\\WDAGUtilityAccount\\Downloads"
              }
            ],
            "memory": "8192",
            "name": "example-configuration",
            "networking": true,
            "path": ".",
            "post_installation_scripts": null,
            "pre_installation_scripts": null,
            "printer_redirection": true,
            "protected_client": false,
            "scoop_packages": null,
            "video_input": false,
            "virtual_gpu": false,
            "winget_packages": null
          },
          "sensitive_attributes": [],
          "dependencies": [
            "wsb_logon_script.example_configuration"
          ]
        }
      ]
    },
    {
      "mode": "managed",
      "type": "wsb_logon_script",
      "name": "example_configuration",
      "provider": "provider[\"registry.terraform.io/hashicorp/windows-sandbox\"]",
      "instances": [
        {
          "schema_version": 0,
          "attributes": {
            "logon_command_script": "powershell -ExecutionPolicy Unrestricted -Command \"# Generated with Terraform wsb_logon_script.example-configuration  \nstart powershell {-noexit -command \" [System.Text.Encoding]::UTF8.GetString([System.Convert]::FromBase64String('V3JpdGUtSG9zdCAnSW5zdGFsbCBXaW5nZXQgLi4uJwokcHJvZ3Jlc3NQcmVmZXJlbmNlID0gJ3NpbGVudGx5Q29udGludWUnCldyaXRlLUluZm9ybWF0aW9uICJEb3dubG9hZGluZyBXaW5HZXQgYW5kIGl0cyBkZXBlbmRlbmNpZXMuLi4iCkludm9rZS1XZWJSZXF1ZXN0IC1VcmkgaHR0cHM6Ly9ha2EubXMvZ2V0d2luZ2V0IC1PdXRGaWxlIE1pY3Jvc29mdC5EZXNrdG9wQXBwSW5zdGFsbGVyXzh3ZWt5YjNkOGJid2UubXNpeGJ1bmRsZQpJbnZva2UtV2ViUmVxdWVzdCAtVXJpIGh0dHBzOi8vYWthLm1zL01pY3Jvc29mdC5WQ0xpYnMueDY0LjE0LjAwLkRlc2t0b3AuYXBweCAtT3V0RmlsZSBNaWNyb3NvZnQuVkNMaWJzLng2NC4xNC4wMC5EZXNrdG9wLmFwcHgKSW52b2tlLVdlYlJlcXVlc3QgLVVyaSBodHRwczovL2dpdGh1Yi5jb20vbWljcm9zb2Z0L21pY3Jvc29mdC11aS14YW1sL3JlbGVhc2VzL2Rvd25sb2FkL3YyLjguNi9NaWNyb3NvZnQuVUkuWGFtbC4yLjgueDY0LmFwcHggLU91dEZpbGUgTWljcm9zb2Z0LlVJLlhhbWwuMi44Lng2NC5hcHB4CkFkZC1BcHB4UGFja2FnZSBNaWNyb3NvZnQuVkNMaWJzLng2NC4xNC4wMC5EZXNrdG9wLmFwcHgKQWRkLUFwcHhQYWNrYWdlIE1pY3Jvc29mdC5VSS5YYW1sLjIuOC54NjQuYXBweApBZGQtQXBweFBhY2thZ2UgTWljcm9zb2Z0LkRlc2t0b3BBcHBJbnN0YWxsZXJfOHdla3liM2Q4YmJ3ZS5tc2l4YnVuZGxlCgoKV3JpdGUtSG9zdCAnSW5zdGFsbCBTY29vcCAuLi4nCiMgU2V0LUV4ZWN1dGlvblBvbGljeSAtRXhlY3V0aW9uUG9saWN5IFJlbW90ZVNpZ25lZCAtU2NvcGUgQ3VycmVudFVzZXIKSW52b2tlLVJlc3RNZXRob2QgLVVyaSBodHRwczovL2dldC5zY29vcC5zaCB8IEludm9rZS1FeHByZXNzaW9uCnNjb29wIGluc3RhbGwgZ2l0CnNjb29wIGJ1Y2tldCBhZGQgZXh0cmFzCgoKV3JpdGUtSG9zdCAnUnVuIFByZS1pbnN0YWxsYXRpb24gc2NyaXB0cyAuLi4nCldyaXRlLUhvc3QgJ1NvbWV0aGluZyB0byBwZXJmb3JtIGJlZm9yZSBzb2Z0d2FyZSBpbnN0YWxsYXRpb24nCgpXcml0ZS1Ib3N0ICdXaW5nZXQgcGFja2FnZXMgaW5zdGFsbGF0aW9uIC4uLicKd2luZ2V0IGluc3RhbGwgbnZpbSAtLWFjY2VwdC1zb3VyY2UtYWdyZWVtZW50cyAtLWFjY2VwdC1wYWNrYWdlLWFncmVlbWVudHMgCgoKV3JpdGUtSG9zdCAnU2Nvb3AgcGFja2FnZXMgaW5zdGFsbGF0aW9uIC4uLicKc2Nvb3AgaW5zdGFsbCB2Y3JlZGlzdDIwMjIgCgoKV3JpdGUtSG9zdCAnUnVuIFBvc3QtaW5zdGFsbGF0aW9uIHNjcmlwdHMgLi4uJwpXcml0ZS1Ib3N0ICdTb21ldGhpbmcgdG8gcGVyZm9ybSBhZnRlciBzb2Z0d2FyZSBpbnN0YWxsYXRpb24nCgo=')) | Out-File C:\\Windows\\Temp\\longoncommand_script.ps1 ; . C:\\Windows\\Temp\\longoncommand_script.ps1 \" } \" ",
            "name": "example-configuration",
            "post_installation_scripts": "Write-Host 'Something to perform after software installation'",
            "pre_installation_scripts": "Write-Host 'Something to perform before software installation'",
            "scoop_packages": [
              "vcredist2022"
            ],
            "winget_packages": [
              "nvim"
            ]
          },
          "sensitive_attributes": []
        }
      ]
    }
  ],
  "check_results": null
}
