{
  "version": 4,
  "terraform_version": "1.8.3",
  "serial": 1,
  "lineage": "5843936c-c125-172d-8f3e-faed95b3cb1d",
  "outputs": {
    "data_wsb_context": {
      "value": {
        "downloads_folder_name": "Daunloads",
        "sandbox_container_user_downloads_folder": "C:\\Users\\WDAGUtilityAccount\\Daunloads",
        "sandbox_container_user_profile_folder": "C:\\Users\\WDAGUtilityAccount",
        "sandbox_container_username": "WDAGUtilityAccount",
        "sandbox_users_folder": "C:\\Users",
        "user_downloads_folder": "Z:\\Uzars\\aaaaaaaaaaa123\\Daunloads",
        "user_profile_folder": "Z:\\Uzars\\aaaaaaaaaaa123",
        "username": "aaaaaaaaaaa123",
        "users_folder": "Z:\\Uzars"
      },
      "type": [
        "object",
        {
          "downloads_folder_name": "string",
          "sandbox_container_user_downloads_folder": "string",
          "sandbox_container_user_profile_folder": "string",
          "sandbox_container_username": "string",
          "sandbox_users_folder": "string",
          "user_downloads_folder": "string",
          "user_profile_folder": "string",
          "username": "string",
          "users_folder": "string"
        }
      ]
    }
  },
  "resources": [
    {
      "mode": "data",
      "type": "wsb_context",
      "name": "example",
      "provider": "provider[\"registry.terraform.io/attilakapostyak/windows-sandbox\"]",
      "instances": [
        {
          "schema_version": 0,
          "attributes": {
            "downloads_folder_name": "Daunloads",
            "sandbox_container_user_downloads_folder": "C:\\Users\\WDAGUtilityAccount\\Daunloads",
            "sandbox_container_user_profile_folder": "C:\\Users\\WDAGUtilityAccount",
            "sandbox_container_username": "WDAGUtilityAccount",
            "sandbox_users_folder": "C:\\Users",
            "user_downloads_folder": "Z:\\Uzars\\aaaaaaaaaaa123\\Daunloads",
            "user_profile_folder": "Z:\\Uzars\\aaaaaaaaaaa123",
            "username": "aaaaaaaaaaa123",
            "users_folder": "Z:\\Uzars"
          },
          "sensitive_attributes": []
        }
      ]
    },
    {
      "mode": "managed",
      "type": "wsb_configuration",
      "name": "import1",
      "provider": "provider[\"registry.terraform.io/attilakapostyak/windows-sandbox\"]",
      "instances": [
        {
          "schema_version": 0,
          "attributes": {
            "audio_input": true,
            "clipboard_redirection": null,
            "logon_command": null,
            "mapped_folders": [],
            "memory": null,
            "name": "example-import",
            "networking": null,
            "path": null,
            "printer_redirection": null,
            "protected_client": null,
            "video_input": null,
            "virtual_gpu": null
          },
          "sensitive_attributes": []
        }
      ]
    },
    {
      "mode": "managed",
      "type": "wsb_logon_script",
      "name": "example1",
      "provider": "provider[\"registry.terraform.io/attilakapostyak/windows-sandbox\"]",
      "instances": [
        {
          "schema_version": 0,
          "attributes": {
            "logon_command_script": "powershell -ExecutionPolicy Unrestricted -Command \"# Generated with Terraform wsb_logon_script.example-configuration  \nstart powershell {-noexit -command \" [System.Text.Encoding]::UTF8.GetString([System.Convert]::FromBase64String('V3JpdGUtSG9zdCAnSW5zdGFsbCBXaW5nZXQgLi4uJwokcHJvZ3Jlc3NQcmVmZXJlbmNlID0gJ3NpbGVudGx5Q29udGludWUnCldyaXRlLUluZm9ybWF0aW9uICJEb3dubG9hZGluZyBXaW5HZXQgYW5kIGl0cyBkZXBlbmRlbmNpZXMuLi4iCkludm9rZS1XZWJSZXF1ZXN0IC1VcmkgaHR0cHM6Ly9ha2EubXMvZ2V0d2luZ2V0IC1PdXRGaWxlIE1pY3Jvc29mdC5EZXNrdG9wQXBwSW5zdGFsbGVyXzh3ZWt5YjNkOGJid2UubXNpeGJ1bmRsZQpJbnZva2UtV2ViUmVxdWVzdCAtVXJpIGh0dHBzOi8vYWthLm1zL01pY3Jvc29mdC5WQ0xpYnMueDY0LjE0LjAwLkRlc2t0b3AuYXBweCAtT3V0RmlsZSBNaWNyb3NvZnQuVkNMaWJzLng2NC4xNC4wMC5EZXNrdG9wLmFwcHgKSW52b2tlLVdlYlJlcXVlc3QgLVVyaSBodHRwczovL2dpdGh1Yi5jb20vbWljcm9zb2Z0L21pY3Jvc29mdC11aS14YW1sL3JlbGVhc2VzL2Rvd25sb2FkL3YyLjguNi9NaWNyb3NvZnQuVUkuWGFtbC4yLjgueDY0LmFwcHggLU91dEZpbGUgTWljcm9zb2Z0LlVJLlhhbWwuMi44Lng2NC5hcHB4CkFkZC1BcHB4UGFja2FnZSBNaWNyb3NvZnQuVkNMaWJzLng2NC4xNC4wMC5EZXNrdG9wLmFwcHgKQWRkLUFwcHhQYWNrYWdlIE1pY3Jvc29mdC5VSS5YYW1sLjIuOC54NjQuYXBweApBZGQtQXBweFBhY2thZ2UgTWljcm9zb2Z0LkRlc2t0b3BBcHBJbnN0YWxsZXJfOHdla3liM2Q4YmJ3ZS5tc2l4YnVuZGxlCgoKV3JpdGUtSG9zdCAnV2luZ2V0IHBhY2thZ2VzIGluc3RhbGxhdGlvbiAuLi4nCndpbmdldCBpbnN0YWxsIG52aW0gLS1hY2NlcHQtc291cmNlLWFncmVlbWVudHMgLS1hY2NlcHQtcGFja2FnZS1hZ3JlZW1lbnRzIAoKCg==')) | Out-File C:\\Windows\\Temp\\longoncommand_script.ps1 ; . C:\\Windows\\Temp\\longoncommand_script.ps1 \" } \" ",
            "name": "example-configuration",
            "post_installation_scripts": null,
            "pre_installation_scripts": null,
            "scoop_packages": null,
            "winget_packages": [
              "nvim"
            ]
          },
          "sensitive_attributes": []
        }
      ]
    }
  ],
  "check_results": null
}
